
Microsoft Visual Studio Solution File, Format Version 12.00
# Visual Studio for Mac
Project("{FAE04EC0-301F-11D3-BF4B-00C04F79EFBC}") = "Assembly-CSharp", "Assembly-CSharp.csproj", "{EB08FD6D-6B16-EFDA-F24A-93D2492EC1F8}"
EndProject
Project("{FAE04EC0-301F-11D3-BF4B-00C04F79EFBC}") = "Assembly-CSharp-firstpass", "Assembly-CSharp-firstpass.csproj", "{F178D7F6-AA05-E26F-27E7-5CCFF196261C}"
EndProject
Project("{FAE04EC0-301F-11D3-BF4B-00C04F79EFBC}") = "Assembly-CSharp-Editor-firstpass", "Assembly-CSharp-Editor-firstpass.csproj", "{01149C11-E69F-F114-D342-D94AA2E27E93}"
EndProject
Global
	GlobalSection(SolutionConfigurationPlatforms) = preSolution
		Debug|Any CPU = Debug|Any CPU
		Release|Any CPU = Release|Any CPU
	EndGlobalSection
	GlobalSection(ProjectConfigurationPlatforms) = postSolution
		{EB08FD6D-6B16-EFDA-F24A-93D2492EC1F8}.Debug|Any CPU.ActiveCfg = Debug|Any CPU
		{EB08FD6D-6B16-EFDA-F24A-93D2492EC1F8}.Debug|Any CPU.Build.0 = Debug|Any CPU
		{EB08FD6D-6B16-EFDA-F24A-93D2492EC1F8}.Release|Any CPU.ActiveCfg = Release|Any CPU
		{EB08FD6D-6B16-EFDA-F24A-93D2492EC1F8}.Release|Any CPU.Build.0 = Release|Any CPU
		{F178D7F6-AA05-E26F-27E7-5CCFF196261C}.Debug|Any CPU.ActiveCfg = Debug|Any CPU
		{F178D7F6-AA05-E26F-27E7-5CCFF196261C}.Debug|Any CPU.Build.0 = Debug|Any CPU
		{F178D7F6-AA05-E26F-27E7-5CCFF196261C}.Release|Any CPU.ActiveCfg = Release|Any CPU
		{F178D7F6-AA05-E26F-27E7-5CCFF196261C}.Release|Any CPU.Build.0 = Release|Any CPU
		{01149C11-E69F-F114-D342-D94AA2E27E93}.Debug|Any CPU.ActiveCfg = Debug|Any CPU
		{01149C11-E69F-F114-D342-D94AA2E27E93}.Debug|Any CPU.Build.0 = Debug|Any CPU
		{01149C11-E69F-F114-D342-D94AA2E27E93}.Release|Any CPU.ActiveCfg = Release|Any CPU
		{01149C11-E69F-F114-D342-D94AA2E27E93}.Release|Any CPU.Build.0 = Release|Any CPU
	EndGlobalSection
	GlobalSection(SolutionProperties) = preSolution
		HideSolutionNode = FALSE
	EndGlobalSection
EndGlobal
